// !$*UTF8*$!
{
	archiveVersion = 1;
	classes = {
	};
	objectVersion = 55;
	objects = {

/* Begin PBXBuildFile section */
		7B22265E8B3CC74B951E4232 /* libPods-MemeApp.a in Frameworks */ = {isa = PBXBuildFile; fileRef = 54E3394BE7BF087A3D680984 /* libPods-MemeApp.a */; };
		B02ECC9B27C2D8A700228DC3 /* MyGalleryViewController.swift in Sources */ = {isa = PBXBuildFile; fileRef = B02ECC9A27C2D8A700228DC3 /* MyGalleryViewController.swift */; };
		B041A0B427A2EE65008FECC8 /* FirebaseAuthManager.swift in Sources */ = {isa = PBXBuildFile; fileRef = B041A0B227A2EE65008FECC8 /* FirebaseAuthManager.swift */; };
		B041A0B527A2EE65008FECC8 /* FirebaseStorageManager.swift in Sources */ = {isa = PBXBuildFile; fileRef = B041A0B327A2EE65008FECC8 /* FirebaseStorageManager.swift */; };
		B041A0B827A2EE7B008FECC8 /* TemplateCollectionViewCell.swift in Sources */ = {isa = PBXBuildFile; fileRef = B041A0B627A2EE7B008FECC8 /* TemplateCollectionViewCell.swift */; };
		B041A0B927A2EE7B008FECC8 /* TemplateViewController.swift in Sources */ = {isa = PBXBuildFile; fileRef = B041A0B727A2EE7B008FECC8 /* TemplateViewController.swift */; };
		B041A0BC27A2EE93008FECC8 /* GalleryCollectionViewCell.swift in Sources */ = {isa = PBXBuildFile; fileRef = B041A0BA27A2EE93008FECC8 /* GalleryCollectionViewCell.swift */; };
		B041A0BD27A2EE93008FECC8 /* GalleryViewController.swift in Sources */ = {isa = PBXBuildFile; fileRef = B041A0BB27A2EE93008FECC8 /* GalleryViewController.swift */; };
		B0658A7C27BF881F006E0920 /* MemeZoomViewController.swift in Sources */ = {isa = PBXBuildFile; fileRef = B0658A7B27BF881F006E0920 /* MemeZoomViewController.swift */; };
		B0D429F627A19988003E4B79 /* MemeGeneratorViewController.swift in Sources */ = {isa = PBXBuildFile; fileRef = B0D429EF27A19988003E4B79 /* MemeGeneratorViewController.swift */; };
		B0D429F927A19988003E4B79 /* LoginViewController.swift in Sources */ = {isa = PBXBuildFile; fileRef = B0D429F227A19988003E4B79 /* LoginViewController.swift */; };
		B0D429FB27A19A05003E4B79 /* GoogleService-Info.plist in Resources */ = {isa = PBXBuildFile; fileRef = B0D429FA27A19A05003E4B79 /* GoogleService-Info.plist */; };
		B0D429FE27A19B07003E4B79 /* FirebaseAnalytics in Frameworks */ = {isa = PBXBuildFile; productRef = B0D429FD27A19B07003E4B79 /* FirebaseAnalytics */; };
		B0D42A0027A19B07003E4B79 /* FirebaseAuth in Frameworks */ = {isa = PBXBuildFile; productRef = B0D429FF27A19B07003E4B79 /* FirebaseAuth */; };
		B0D42A0227A19B07003E4B79 /* FirebaseCrashlytics in Frameworks */ = {isa = PBXBuildFile; productRef = B0D42A0127A19B07003E4B79 /* FirebaseCrashlytics */; };
		B0D42A0427A19B07003E4B79 /* FirebaseDatabase in Frameworks */ = {isa = PBXBuildFile; productRef = B0D42A0327A19B07003E4B79 /* FirebaseDatabase */; };
		B0D42A0627A19B07003E4B79 /* FirebaseFirestore in Frameworks */ = {isa = PBXBuildFile; productRef = B0D42A0527A19B07003E4B79 /* FirebaseFirestore */; };
		B0D42A0827A19B07003E4B79 /* FirebaseStorage in Frameworks */ = {isa = PBXBuildFile; productRef = B0D42A0727A19B07003E4B79 /* FirebaseStorage */; };
		C12F043D27C7CEC70084EF1A /* ChangeEmailViewController.swift in Sources */ = {isa = PBXBuildFile; fileRef = C12F043C27C7CEC70084EF1A /* ChangeEmailViewController.swift */; };
		C12F043F27C7D8100084EF1A /* ChangePasswordViewController.swift in Sources */ = {isa = PBXBuildFile; fileRef = C12F043E27C7D8100084EF1A /* ChangePasswordViewController.swift */; };
		C15DBA9B27A193A20060350F /* AppDelegate.swift in Sources */ = {isa = PBXBuildFile; fileRef = C15DBA9A27A193A20060350F /* AppDelegate.swift */; };
		C15DBA9D27A193A20060350F /* SceneDelegate.swift in Sources */ = {isa = PBXBuildFile; fileRef = C15DBA9C27A193A20060350F /* SceneDelegate.swift */; };
		C15DBA9F27A193A20060350F /* ViewController.swift in Sources */ = {isa = PBXBuildFile; fileRef = C15DBA9E27A193A20060350F /* ViewController.swift */; };
		C15DBAA227A193A20060350F /* Main.storyboard in Resources */ = {isa = PBXBuildFile; fileRef = C15DBAA027A193A20060350F /* Main.storyboard */; };
		C15DBAA427A193A40060350F /* Assets.xcassets in Resources */ = {isa = PBXBuildFile; fileRef = C15DBAA327A193A40060350F /* Assets.xcassets */; };
		C15DBAA727A193A40060350F /* LaunchScreen.storyboard in Resources */ = {isa = PBXBuildFile; fileRef = C15DBAA527A193A40060350F /* LaunchScreen.storyboard */; };
		C173D0A227B180B80039A1A3 /* ProfileViewController.swift in Sources */ = {isa = PBXBuildFile; fileRef = C173D0A127B180B80039A1A3 /* ProfileViewController.swift */; };
/* End PBXBuildFile section */

/* Begin PBXFileReference section */
		54E3394BE7BF087A3D680984 /* libPods-MemeApp.a */ = {isa = PBXFileReference; explicitFileType = archive.ar; includeInIndex = 0; path = "libPods-MemeApp.a"; sourceTree = BUILT_PRODUCTS_DIR; };
		65BB3C6754AE363DDD4564FE /* Pods-MemeApp.release.xcconfig */ = {isa = PBXFileReference; includeInIndex = 1; lastKnownFileType = text.xcconfig; name = "Pods-MemeApp.release.xcconfig"; path = "Target Support Files/Pods-MemeApp/Pods-MemeApp.release.xcconfig"; sourceTree = "<group>"; };
		6BD4534221D00230BC96FCA3 /* Pods-MemeApp.debug.xcconfig */ = {isa = PBXFileReference; includeInIndex = 1; lastKnownFileType = text.xcconfig; name = "Pods-MemeApp.debug.xcconfig"; path = "Target Support Files/Pods-MemeApp/Pods-MemeApp.debug.xcconfig"; sourceTree = "<group>"; };
		B02ECC9A27C2D8A700228DC3 /* MyGalleryViewController.swift */ = {isa = PBXFileReference; lastKnownFileType = sourcecode.swift; path = MyGalleryViewController.swift; sourceTree = "<group>"; };
		B041A0B227A2EE65008FECC8 /* FirebaseAuthManager.swift */ = {isa = PBXFileReference; fileEncoding = 4; lastKnownFileType = sourcecode.swift; path = FirebaseAuthManager.swift; sourceTree = "<group>"; };
		B041A0B327A2EE65008FECC8 /* FirebaseStorageManager.swift */ = {isa = PBXFileReference; fileEncoding = 4; lastKnownFileType = sourcecode.swift; path = FirebaseStorageManager.swift; sourceTree = "<group>"; };
		B041A0B627A2EE7B008FECC8 /* TemplateCollectionViewCell.swift */ = {isa = PBXFileReference; fileEncoding = 4; lastKnownFileType = sourcecode.swift; path = TemplateCollectionViewCell.swift; sourceTree = "<group>"; };
		B041A0B727A2EE7B008FECC8 /* TemplateViewController.swift */ = {isa = PBXFileReference; fileEncoding = 4; lastKnownFileType = sourcecode.swift; path = TemplateViewController.swift; sourceTree = "<group>"; };
		B041A0BA27A2EE93008FECC8 /* GalleryCollectionViewCell.swift */ = {isa = PBXFileReference; fileEncoding = 4; lastKnownFileType = sourcecode.swift; path = GalleryCollectionViewCell.swift; sourceTree = "<group>"; };
		B041A0BB27A2EE93008FECC8 /* GalleryViewController.swift */ = {isa = PBXFileReference; fileEncoding = 4; lastKnownFileType = sourcecode.swift; path = GalleryViewController.swift; sourceTree = "<group>"; };
		B0658A7B27BF881F006E0920 /* MemeZoomViewController.swift */ = {isa = PBXFileReference; lastKnownFileType = sourcecode.swift; path = MemeZoomViewController.swift; sourceTree = "<group>"; };
		B0D429EF27A19988003E4B79 /* MemeGeneratorViewController.swift */ = {isa = PBXFileReference; fileEncoding = 4; lastKnownFileType = sourcecode.swift; path = MemeGeneratorViewController.swift; sourceTree = "<group>"; };
		B0D429F227A19988003E4B79 /* LoginViewController.swift */ = {isa = PBXFileReference; fileEncoding = 4; lastKnownFileType = sourcecode.swift; path = LoginViewController.swift; sourceTree = "<group>"; };
		B0D429FA27A19A05003E4B79 /* GoogleService-Info.plist */ = {isa = PBXFileReference; lastKnownFileType = text.plist; path = "GoogleService-Info.plist"; sourceTree = SOURCE_ROOT; };
		C12F043C27C7CEC70084EF1A /* ChangeEmailViewController.swift */ = {isa = PBXFileReference; lastKnownFileType = sourcecode.swift; path = ChangeEmailViewController.swift; sourceTree = "<group>"; };
		C12F043E27C7D8100084EF1A /* ChangePasswordViewController.swift */ = {isa = PBXFileReference; lastKnownFileType = sourcecode.swift; path = ChangePasswordViewController.swift; sourceTree = "<group>"; };
		C15DBA9727A193A20060350F /* MemeApp.app */ = {isa = PBXFileReference; explicitFileType = wrapper.application; includeInIndex = 0; path = MemeApp.app; sourceTree = BUILT_PRODUCTS_DIR; };
		C15DBA9A27A193A20060350F /* AppDelegate.swift */ = {isa = PBXFileReference; lastKnownFileType = sourcecode.swift; path = AppDelegate.swift; sourceTree = "<group>"; };
		C15DBA9C27A193A20060350F /* SceneDelegate.swift */ = {isa = PBXFileReference; lastKnownFileType = sourcecode.swift; path = SceneDelegate.swift; sourceTree = "<group>"; };
		C15DBA9E27A193A20060350F /* ViewController.swift */ = {isa = PBXFileReference; lastKnownFileType = sourcecode.swift; path = ViewController.swift; sourceTree = "<group>"; };
		C15DBAA127A193A20060350F /* Base */ = {isa = PBXFileReference; lastKnownFileType = file.storyboard; name = Base; path = Base.lproj/Main.storyboard; sourceTree = "<group>"; };
		C15DBAA327A193A40060350F /* Assets.xcassets */ = {isa = PBXFileReference; lastKnownFileType = folder.assetcatalog; path = Assets.xcassets; sourceTree = "<group>"; };
		C15DBAA627A193A40060350F /* Base */ = {isa = PBXFileReference; lastKnownFileType = file.storyboard; name = Base; path = Base.lproj/LaunchScreen.storyboard; sourceTree = "<group>"; };
		C15DBAA827A193A40060350F /* Info.plist */ = {isa = PBXFileReference; lastKnownFileType = text.plist.xml; path = Info.plist; sourceTree = "<group>"; };
		C173D0A127B180B80039A1A3 /* ProfileViewController.swift */ = {isa = PBXFileReference; lastKnownFileType = sourcecode.swift; path = ProfileViewController.swift; sourceTree = "<group>"; };
/* End PBXFileReference section */

/* Begin PBXFrameworksBuildPhase section */
		C15DBA9427A193A20060350F /* Frameworks */ = {
			isa = PBXFrameworksBuildPhase;
			buildActionMask = 2147483647;
			files = (
				B0D42A0427A19B07003E4B79 /* FirebaseDatabase in Frameworks */,
				B0D429FE27A19B07003E4B79 /* FirebaseAnalytics in Frameworks */,
				B0D42A0227A19B07003E4B79 /* FirebaseCrashlytics in Frameworks */,
				B0D42A0027A19B07003E4B79 /* FirebaseAuth in Frameworks */,
				B0D42A0827A19B07003E4B79 /* FirebaseStorage in Frameworks */,
				7B22265E8B3CC74B951E4232 /* libPods-MemeApp.a in Frameworks */,
				B0D42A0627A19B07003E4B79 /* FirebaseFirestore in Frameworks */,
			);
			runOnlyForDeploymentPostprocessing = 0;
		};
/* End PBXFrameworksBuildPhase section */

/* Begin PBXGroup section */
		6ACF95A4577FC789460613A2 /* Pods */ = {
			isa = PBXGroup;
			children = (
				6BD4534221D00230BC96FCA3 /* Pods-MemeApp.debug.xcconfig */,
				65BB3C6754AE363DDD4564FE /* Pods-MemeApp.release.xcconfig */,
			);
			path = Pods;
			sourceTree = "<group>";
		};
		B02ECC9C27C5A2AE00228DC3 /* MemeWork */ = {
			isa = PBXGroup;
			children = (
				B0D429EF27A19988003E4B79 /* MemeGeneratorViewController.swift */,
				B0658A7B27BF881F006E0920 /* MemeZoomViewController.swift */,
			);
			path = MemeWork;
			sourceTree = "<group>";
		};
		B02ECC9D27C5A2E100228DC3 /* Profiles */ = {
			isa = PBXGroup;
			children = (
				B0D429F227A19988003E4B79 /* LoginViewController.swift */,
				C173D0A127B180B80039A1A3 /* ProfileViewController.swift */,
				C12F043C27C7CEC70084EF1A /* ChangeEmailViewController.swift */,
				C12F043E27C7D8100084EF1A /* ChangePasswordViewController.swift */,
			);
			path = Profiles;
			sourceTree = "<group>";
		};
		B0D42A0927A19C56003E4B79 /* FirebaseReq */ = {
			isa = PBXGroup;
			children = (
				B041A0B227A2EE65008FECC8 /* FirebaseAuthManager.swift */,
				B041A0B327A2EE65008FECC8 /* FirebaseStorageManager.swift */,
			);
			path = FirebaseReq;
			sourceTree = "<group>";
		};
		B0D42A0E27A19CA7003E4B79 /* Templates */ = {
			isa = PBXGroup;
			children = (
				B041A0B627A2EE7B008FECC8 /* TemplateCollectionViewCell.swift */,
				B041A0B727A2EE7B008FECC8 /* TemplateViewController.swift */,
			);
			path = Templates;
			sourceTree = "<group>";
		};
		B0D42A0F27A19CB4003E4B79 /* Gallery */ = {
			isa = PBXGroup;
			children = (
				B041A0BA27A2EE93008FECC8 /* GalleryCollectionViewCell.swift */,
				B041A0BB27A2EE93008FECC8 /* GalleryViewController.swift */,
				B02ECC9A27C2D8A700228DC3 /* MyGalleryViewController.swift */,
			);
			path = Gallery;
			sourceTree = "<group>";
		};
		B595837787C07595CED33FB5 /* Frameworks */ = {
			isa = PBXGroup;
			children = (
				54E3394BE7BF087A3D680984 /* libPods-MemeApp.a */,
			);
			name = Frameworks;
			sourceTree = "<group>";
		};
		C15DBA8E27A193A20060350F = {
			isa = PBXGroup;
			children = (
				C15DBA9927A193A20060350F /* MemeApp */,
				C15DBA9827A193A20060350F /* Products */,
				6ACF95A4577FC789460613A2 /* Pods */,
				B595837787C07595CED33FB5 /* Frameworks */,
			);
			sourceTree = "<group>";
		};
		C15DBA9827A193A20060350F /* Products */ = {
			isa = PBXGroup;
			children = (
				C15DBA9727A193A20060350F /* MemeApp.app */,
			);
			name = Products;
			sourceTree = "<group>";
		};
		C15DBA9927A193A20060350F /* MemeApp */ = {
			isa = PBXGroup;
			children = (
				B0D42A0927A19C56003E4B79 /* FirebaseReq */,
				B0D42A0E27A19CA7003E4B79 /* Templates */,
				B0D42A0F27A19CB4003E4B79 /* Gallery */,
				B02ECC9C27C5A2AE00228DC3 /* MemeWork */,
				B02ECC9D27C5A2E100228DC3 /* Profiles */,
				C15DBA9A27A193A20060350F /* AppDelegate.swift */,
				C15DBA9C27A193A20060350F /* SceneDelegate.swift */,
				C15DBA9E27A193A20060350F /* ViewController.swift */,
				C15DBAA027A193A20060350F /* Main.storyboard */,
				C15DBAA327A193A40060350F /* Assets.xcassets */,
				C15DBAA527A193A40060350F /* LaunchScreen.storyboard */,
				C15DBAA827A193A40060350F /* Info.plist */,
				B0D429FA27A19A05003E4B79 /* GoogleService-Info.plist */,
			);
			path = MemeApp;
			sourceTree = "<group>";
		};
/* End PBXGroup section */

/* Begin PBXNativeTarget section */
		C15DBA9627A193A20060350F /* MemeApp */ = {
			isa = PBXNativeTarget;
			buildConfigurationList = C15DBAAB27A193A40060350F /* Build configuration list for PBXNativeTarget "MemeApp" */;
			buildPhases = (
				E6DD71450E149E775B556970 /* [CP] Check Pods Manifest.lock */,
				C15DBA9327A193A20060350F /* Sources */,
				C15DBA9427A193A20060350F /* Frameworks */,
				C15DBA9527A193A20060350F /* Resources */,
			);
			buildRules = (
			);
			dependencies = (
			);
			name = MemeApp;
			packageProductDependencies = (
				B0D429FD27A19B07003E4B79 /* FirebaseAnalytics */,
				B0D429FF27A19B07003E4B79 /* FirebaseAuth */,
				B0D42A0127A19B07003E4B79 /* FirebaseCrashlytics */,
				B0D42A0327A19B07003E4B79 /* FirebaseDatabase */,
				B0D42A0527A19B07003E4B79 /* FirebaseFirestore */,
				B0D42A0727A19B07003E4B79 /* FirebaseStorage */,
			);
			productName = MemeApp;
			productReference = C15DBA9727A193A20060350F /* MemeApp.app */;
			productType = "com.apple.product-type.application";
		};
/* End PBXNativeTarget section */

/* Begin PBXProject section */
		C15DBA8F27A193A20060350F /* Project object */ = {
			isa = PBXProject;
			attributes = {
				BuildIndependentTargetsInParallel = 1;
				LastSwiftUpdateCheck = 1310;
				LastUpgradeCheck = 1310;
				TargetAttributes = {
					C15DBA9627A193A20060350F = {
						CreatedOnToolsVersion = 13.1;
					};
				};
			};
			buildConfigurationList = C15DBA9227A193A20060350F /* Build configuration list for PBXProject "MemeApp" */;
			compatibilityVersion = "Xcode 13.0";
			developmentRegion = en;
			hasScannedForEncodings = 0;
			knownRegions = (
				en,
				Base,
			);
			mainGroup = C15DBA8E27A193A20060350F;
			packageReferences = (
				B0D429FC27A19B07003E4B79 /* XCRemoteSwiftPackageReference "firebase-ios-sdk" */,
			);
			productRefGroup = C15DBA9827A193A20060350F /* Products */;
			projectDirPath = "";
			projectRoot = "";
			targets = (
				C15DBA9627A193A20060350F /* MemeApp */,
			);
		};
/* End PBXProject section */

/* Begin PBXResourcesBuildPhase section */
		C15DBA9527A193A20060350F /* Resources */ = {
			isa = PBXResourcesBuildPhase;
			buildActionMask = 2147483647;
			files = (
				B0D429FB27A19A05003E4B79 /* GoogleService-Info.plist in Resources */,
				C15DBAA727A193A40060350F /* LaunchScreen.storyboard in Resources */,
				C15DBAA427A193A40060350F /* Assets.xcassets in Resources */,
				C15DBAA227A193A20060350F /* Main.storyboard in Resources */,
			);
			runOnlyForDeploymentPostprocessing = 0;
		};
/* End PBXResourcesBuildPhase section */

/* Begin PBXShellScriptBuildPhase section */
		E6DD71450E149E775B556970 /* [CP] Check Pods Manifest.lock */ = {
			isa = PBXShellScriptBuildPhase;
			buildActionMask = 2147483647;
			files = (
			);
			inputFileListPaths = (
			);
			inputPaths = (
				"${PODS_PODFILE_DIR_PATH}/Podfile.lock",
				"${PODS_ROOT}/Manifest.lock",
			);
			name = "[CP] Check Pods Manifest.lock";
			outputFileListPaths = (
			);
			outputPaths = (
				"$(DERIVED_FILE_DIR)/Pods-MemeApp-checkManifestLockResult.txt",
			);
			runOnlyForDeploymentPostprocessing = 0;
			shellPath = /bin/sh;
			shellScript = "diff \"${PODS_PODFILE_DIR_PATH}/Podfile.lock\" \"${PODS_ROOT}/Manifest.lock\" > /dev/null\nif [ $? != 0 ] ; then\n    # print error to STDERR\n    echo \"error: The sandbox is not in sync with the Podfile.lock. Run 'pod install' or update your CocoaPods installation.\" >&2\n    exit 1\nfi\n# This output is used by Xcode 'outputs' to avoid re-running this script phase.\necho \"SUCCESS\" > \"${SCRIPT_OUTPUT_FILE_0}\"\n";
			showEnvVarsInLog = 0;
		};
/* End PBXShellScriptBuildPhase section */

/* Begin PBXSourcesBuildPhase section */
		C15DBA9327A193A20060350F /* Sources */ = {
			isa = PBXSourcesBuildPhase;
			buildActionMask = 2147483647;
			files = (
				B041A0B527A2EE65008FECC8 /* FirebaseStorageManager.swift in Sources */,
				B0D429F927A19988003E4B79 /* LoginViewController.swift in Sources */,
				B041A0B427A2EE65008FECC8 /* FirebaseAuthManager.swift in Sources */,
				C15DBA9F27A193A20060350F /* ViewController.swift in Sources */,
				B041A0B827A2EE7B008FECC8 /* TemplateCollectionViewCell.swift in Sources */,
				C12F043D27C7CEC70084EF1A /* ChangeEmailViewController.swift in Sources */,
				C15DBA9B27A193A20060350F /* AppDelegate.swift in Sources */,
				B041A0B927A2EE7B008FECC8 /* TemplateViewController.swift in Sources */,
				B0658A7C27BF881F006E0920 /* MemeZoomViewController.swift in Sources */,
				C12F043F27C7D8100084EF1A /* ChangePasswordViewController.swift in Sources */,
				B0D429F627A19988003E4B79 /* MemeGeneratorViewController.swift in Sources */,
				B041A0BC27A2EE93008FECC8 /* GalleryCollectionViewCell.swift in Sources */,
				B041A0BD27A2EE93008FECC8 /* GalleryViewController.swift in Sources */,
				B02ECC9B27C2D8A700228DC3 /* MyGalleryViewController.swift in Sources */,
				C173D0A227B180B80039A1A3 /* ProfileViewController.swift in Sources */,
				C15DBA9D27A193A20060350F /* SceneDelegate.swift in Sources */,
			);
			runOnlyForDeploymentPostprocessing = 0;
		};
/* End PBXSourcesBuildPhase section */

/* Begin PBXVariantGroup section */
		C15DBAA027A193A20060350F /* Main.storyboard */ = {
			isa = PBXVariantGroup;
			children = (
				C15DBAA127A193A20060350F /* Base */,
			);
			name = Main.storyboard;
			sourceTree = "<group>";
		};
		C15DBAA527A193A40060350F /* LaunchScreen.storyboard */ = {
			isa = PBXVariantGroup;
			children = (
				C15DBAA627A193A40060350F /* Base */,
			);
			name = LaunchScreen.storyboard;
			sourceTree = "<group>";
		};
/* End PBXVariantGroup section */

/* Begin XCBuildConfiguration section */
		C15DBAA927A193A40060350F /* Debug */ = {
			isa = XCBuildConfiguration;
			buildSettings = {
				ALWAYS_SEARCH_USER_PATHS = NO;
				CLANG_ANALYZER_NONNULL = YES;
				CLANG_ANALYZER_NUMBER_OBJECT_CONVERSION = YES_AGGRESSIVE;
				CLANG_CXX_LANGUAGE_STANDARD = "gnu++17";
				CLANG_CXX_LIBRARY = "libc++";
				CLANG_ENABLE_MODULES = YES;
				CLANG_ENABLE_OBJC_ARC = YES;
				CLANG_ENABLE_OBJC_WEAK = YES;
				CLANG_WARN_BLOCK_CAPTURE_AUTORELEASING = YES;
				CLANG_WARN_BOOL_CONVERSION = YES;
				CLANG_WARN_COMMA = YES;
				CLANG_WARN_CONSTANT_CONVERSION = YES;
				CLANG_WARN_DEPRECATED_OBJC_IMPLEMENTATIONS = YES;
				CLANG_WARN_DIRECT_OBJC_ISA_USAGE = YES_ERROR;
				CLANG_WARN_DOCUMENTATION_COMMENTS = YES;
				CLANG_WARN_EMPTY_BODY = YES;
				CLANG_WARN_ENUM_CONVERSION = YES;
				CLANG_WARN_INFINITE_RECURSION = YES;
				CLANG_WARN_INT_CONVERSION = YES;
				CLANG_WARN_NON_LITERAL_NULL_CONVERSION = YES;
				CLANG_WARN_OBJC_IMPLICIT_RETAIN_SELF = YES;
				CLANG_WARN_OBJC_LITERAL_CONVERSION = YES;
				CLANG_WARN_OBJC_ROOT_CLASS = YES_ERROR;
				CLANG_WARN_QUOTED_INCLUDE_IN_FRAMEWORK_HEADER = YES;
				CLANG_WARN_RANGE_LOOP_ANALYSIS = YES;
				CLANG_WARN_STRICT_PROTOTYPES = YES;
				CLANG_WARN_SUSPICIOUS_MOVE = YES;
				CLANG_WARN_UNGUARDED_AVAILABILITY = YES_AGGRESSIVE;
				CLANG_WARN_UNREACHABLE_CODE = YES;
				CLANG_WARN__DUPLICATE_METHOD_MATCH = YES;
				COPY_PHASE_STRIP = NO;
				DEBUG_INFORMATION_FORMAT = dwarf;
				ENABLE_STRICT_OBJC_MSGSEND = YES;
				ENABLE_TESTABILITY = YES;
				GCC_C_LANGUAGE_STANDARD = gnu11;
				GCC_DYNAMIC_NO_PIC = NO;
				GCC_NO_COMMON_BLOCKS = YES;
				GCC_OPTIMIZATION_LEVEL = 0;
				GCC_PREPROCESSOR_DEFINITIONS = (
					"DEBUG=1",
					"$(inherited)",
				);
				GCC_WARN_64_TO_32_BIT_CONVERSION = YES;
				GCC_WARN_ABOUT_RETURN_TYPE = YES_ERROR;
				GCC_WARN_UNDECLARED_SELECTOR = YES;
				GCC_WARN_UNINITIALIZED_AUTOS = YES_AGGRESSIVE;
				GCC_WARN_UNUSED_FUNCTION = YES;
				GCC_WARN_UNUSED_VARIABLE = YES;
				IPHONEOS_DEPLOYMENT_TARGET = 15.0;
				MTL_ENABLE_DEBUG_INFO = INCLUDE_SOURCE;
				MTL_FAST_MATH = YES;
				ONLY_ACTIVE_ARCH = YES;
				SDKROOT = iphoneos;
				SWIFT_ACTIVE_COMPILATION_CONDITIONS = DEBUG;
				SWIFT_OPTIMIZATION_LEVEL = "-Onone";
			};
			name = Debug;
		};
		C15DBAAA27A193A40060350F /* Release */ = {
			isa = XCBuildConfiguration;
			buildSettings = {
				ALWAYS_SEARCH_USER_PATHS = NO;
				CLANG_ANALYZER_NONNULL = YES;
				CLANG_ANALYZER_NUMBER_OBJECT_CONVERSION = YES_AGGRESSIVE;
				CLANG_CXX_LANGUAGE_STANDARD = "gnu++17";
				CLANG_CXX_LIBRARY = "libc++";
				CLANG_ENABLE_MODULES = YES;
				CLANG_ENABLE_OBJC_ARC = YES;
				CLANG_ENABLE_OBJC_WEAK = YES;
				CLANG_WARN_BLOCK_CAPTURE_AUTORELEASING = YES;
				CLANG_WARN_BOOL_CONVERSION = YES;
				CLANG_WARN_COMMA = YES;
				CLANG_WARN_CONSTANT_CONVERSION = YES;
				CLANG_WARN_DEPRECATED_OBJC_IMPLEMENTATIONS = YES;
				CLANG_WARN_DIRECT_OBJC_ISA_USAGE = YES_ERROR;
				CLANG_WARN_DOCUMENTATION_COMMENTS = YES;
				CLANG_WARN_EMPTY_BODY = YES;
				CLANG_WARN_ENUM_CONVERSION = YES;
				CLANG_WARN_INFINITE_RECURSION = YES;
				CLANG_WARN_INT_CONVERSION = YES;
				CLANG_WARN_NON_LITERAL_NULL_CONVERSION = YES;
				CLANG_WARN_OBJC_IMPLICIT_RETAIN_SELF = YES;
				CLANG_WARN_OBJC_LITERAL_CONVERSION = YES;
				CLANG_WARN_OBJC_ROOT_CLASS = YES_ERROR;
				CLANG_WARN_QUOTED_INCLUDE_IN_FRAMEWORK_HEADER = YES;
				CLANG_WARN_RANGE_LOOP_ANALYSIS = YES;
				CLANG_WARN_STRICT_PROTOTYPES = YES;
				CLANG_WARN_SUSPICIOUS_MOVE = YES;
				CLANG_WARN_UNGUARDED_AVAILABILITY = YES_AGGRESSIVE;
				CLANG_WARN_UNREACHABLE_CODE = YES;
				CLANG_WARN__DUPLICATE_METHOD_MATCH = YES;
				COPY_PHASE_STRIP = NO;
				DEBUG_INFORMATION_FORMAT = "dwarf-with-dsym";
				ENABLE_NS_ASSERTIONS = NO;
				ENABLE_STRICT_OBJC_MSGSEND = YES;
				GCC_C_LANGUAGE_STANDARD = gnu11;
				GCC_NO_COMMON_BLOCKS = YES;
				GCC_WARN_64_TO_32_BIT_CONVERSION = YES;
				GCC_WARN_ABOUT_RETURN_TYPE = YES_ERROR;
				GCC_WARN_UNDECLARED_SELECTOR = YES;
				GCC_WARN_UNINITIALIZED_AUTOS = YES_AGGRESSIVE;
				GCC_WARN_UNUSED_FUNCTION = YES;
				GCC_WARN_UNUSED_VARIABLE = YES;
				IPHONEOS_DEPLOYMENT_TARGET = 15.0;
				MTL_ENABLE_DEBUG_INFO = NO;
				MTL_FAST_MATH = YES;
				SDKROOT = iphoneos;
				SWIFT_COMPILATION_MODE = wholemodule;
				SWIFT_OPTIMIZATION_LEVEL = "-O";
				VALIDATE_PRODUCT = YES;
			};
			name = Release;
		};
		C15DBAAC27A193A40060350F /* Debug */ = {
			isa = XCBuildConfiguration;
			baseConfigurationReference = 6BD4534221D00230BC96FCA3 /* Pods-MemeApp.debug.xcconfig */;
			buildSettings = {
				ASSETCATALOG_COMPILER_APPICON_NAME = AppIcon;
				ASSETCATALOG_COMPILER_GLOBAL_ACCENT_COLOR_NAME = AccentColor;
				CODE_SIGN_STYLE = Automatic;
				CURRENT_PROJECT_VERSION = 1;
				DEVELOPMENT_TEAM = SRJFEVPZ2M;
				GENERATE_INFOPLIST_FILE = YES;
				INFOPLIST_FILE = MemeApp/Info.plist;
				INFOPLIST_KEY_UIApplicationSupportsIndirectInputEvents = YES;
				INFOPLIST_KEY_UILaunchStoryboardName = LaunchScreen;
				INFOPLIST_KEY_UIMainStoryboardFile = Main;
				INFOPLIST_KEY_UISupportedInterfaceOrientations_iPad = "UIInterfaceOrientationPortrait UIInterfaceOrientationPortraitUpsideDown UIInterfaceOrientationLandscapeLeft UIInterfaceOrientationLandscapeRight";
				INFOPLIST_KEY_UISupportedInterfaceOrientations_iPhone = "UIInterfaceOrientationPortrait UIInterfaceOrientationLandscapeLeft UIInterfaceOrientationLandscapeRight";
				LD_RUNPATH_SEARCH_PATHS = (
					"$(inherited)",
					"@executable_path/Frameworks",
				);
				MARKETING_VERSION = 1.0;
				PRODUCT_BUNDLE_IDENTIFIER = "com.uni-sofia.fmi.MemeApp";
				PRODUCT_NAME = "$(TARGET_NAME)";
				SWIFT_EMIT_LOC_STRINGS = YES;
				SWIFT_VERSION = 5.0;
				TARGETED_DEVICE_FAMILY = "1,2";
			};
			name = Debug;
		};
		C15DBAAD27A193A40060350F /* Release */ = {
			isa = XCBuildConfiguration;
			baseConfigurationReference = 65BB3C6754AE363DDD4564FE /* Pods-MemeApp.release.xcconfig */;
			buildSettings = {
				ASSETCATALOG_COMPILER_APPICON_NAME = AppIcon;
				ASSETCATALOG_COMPILER_GLOBAL_ACCENT_COLOR_NAME = AccentColor;
				CODE_SIGN_STYLE = Automatic;
				CURRENT_PROJECT_VERSION = 1;
				DEVELOPMENT_TEAM = SRJFEVPZ2M;
				GENERATE_INFOPLIST_FILE = YES;
				INFOPLIST_FILE = MemeApp/Info.plist;
				INFOPLIST_KEY_UIApplicationSupportsIndirectInputEvents = YES;
				INFOPLIST_KEY_UILaunchStoryboardName = LaunchScreen;
				INFOPLIST_KEY_UIMainStoryboardFile = Main;
				INFOPLIST_KEY_UISupportedInterfaceOrientations_iPad = "UIInterfaceOrientationPortrait UIInterfaceOrientationPortraitUpsideDown UIInterfaceOrientationLandscapeLeft UIInterfaceOrientationLandscapeRight";
				INFOPLIST_KEY_UISupportedInterfaceOrientations_iPhone = "UIInterfaceOrientationPortrait UIInterfaceOrientationLandscapeLeft UIInterfaceOrientationLandscapeRight";
				LD_RUNPATH_SEARCH_PATHS = (
					"$(inherited)",
					"@executable_path/Frameworks",
				);
				MARKETING_VERSION = 1.0;
				PRODUCT_BUNDLE_IDENTIFIER = "com.uni-sofia.fmi.MemeApp";
				PRODUCT_NAME = "$(TARGET_NAME)";
				SWIFT_EMIT_LOC_STRINGS = YES;
				SWIFT_VERSION = 5.0;
				TARGETED_DEVICE_FAMILY = "1,2";
			};
			name = Release;
		};
/* End XCBuildConfiguration section */

/* Begin XCConfigurationList section */
		C15DBA9227A193A20060350F /* Build configuration list for PBXProject "MemeApp" */ = {
			isa = XCConfigurationList;
			buildConfigurations = (
				C15DBAA927A193A40060350F /* Debug */,
				C15DBAAA27A193A40060350F /* Release */,
			);
			defaultConfigurationIsVisible = 0;
			defaultConfigurationName = Release;
		};
		C15DBAAB27A193A40060350F /* Build configuration list for PBXNativeTarget "MemeApp" */ = {
			isa = XCConfigurationList;
			buildConfigurations = (
				C15DBAAC27A193A40060350F /* Debug */,
				C15DBAAD27A193A40060350F /* Release */,
			);
			defaultConfigurationIsVisible = 0;
			defaultConfigurationName = Release;
		};
/* End XCConfigurationList section */

/* Begin XCRemoteSwiftPackageReference section */
		B0D429FC27A19B07003E4B79 /* XCRemoteSwiftPackageReference "firebase-ios-sdk" */ = {
			isa = XCRemoteSwiftPackageReference;
			repositoryURL = "https://github.com/firebase/firebase-ios-sdk";
			requirement = {
				kind = upToNextMajorVersion;
				minimumVersion = 8.0.0;
			};
		};
/* End XCRemoteSwiftPackageReference section */

/* Begin XCSwiftPackageProductDependency section */
		B0D429FD27A19B07003E4B79 /* FirebaseAnalytics */ = {
			isa = XCSwiftPackageProductDependency;
			package = B0D429FC27A19B07003E4B79 /* XCRemoteSwiftPackageReference "firebase-ios-sdk" */;
			productName = FirebaseAnalytics;
		};
		B0D429FF27A19B07003E4B79 /* FirebaseAuth */ = {
			isa = XCSwiftPackageProductDependency;
			package = B0D429FC27A19B07003E4B79 /* XCRemoteSwiftPackageReference "firebase-ios-sdk" */;
			productName = FirebaseAuth;
		};
		B0D42A0127A19B07003E4B79 /* FirebaseCrashlytics */ = {
			isa = XCSwiftPackageProductDependency;
			package = B0D429FC27A19B07003E4B79 /* XCRemoteSwiftPackageReference "firebase-ios-sdk" */;
			productName = FirebaseCrashlytics;
		};
		B0D42A0327A19B07003E4B79 /* FirebaseDatabase */ = {
			isa = XCSwiftPackageProductDependency;
			package = B0D429FC27A19B07003E4B79 /* XCRemoteSwiftPackageReference "firebase-ios-sdk" */;
			productName = FirebaseDatabase;
		};
		B0D42A0527A19B07003E4B79 /* FirebaseFirestore */ = {
			isa = XCSwiftPackageProductDependency;
			package = B0D429FC27A19B07003E4B79 /* XCRemoteSwiftPackageReference "firebase-ios-sdk" */;
			productName = FirebaseFirestore;
		};
		B0D42A0727A19B07003E4B79 /* FirebaseStorage */ = {
			isa = XCSwiftPackageProductDependency;
			package = B0D429FC27A19B07003E4B79 /* XCRemoteSwiftPackageReference "firebase-ios-sdk" */;
			productName = FirebaseStorage;
		};
/* End XCSwiftPackageProductDependency section */
	};
	rootObject = C15DBA8F27A193A20060350F /* Project object */;
}
